
Microsoft Visual Studio Solution File, Format Version 12.00
# Visual Studio Version 17
VisualStudioVersion = 17.4.33205.214
MinimumVisualStudioVersion = 10.0.40219.1
Project("{9A19103F-16F7-4668-BE54-9A1E7A4F7556}") = "DormsProject", "DormsProject\DormsProject.csproj", "{C7BD78F3-4C3A-42D8-BFC5-CE13FEF919DE}"
EndProject
Global
	GlobalSection(SolutionConfigurationPlatforms) = preSolution
		Debug|Any CPU = Debug|Any CPU
		Release|Any CPU = Release|Any CPU
	EndGlobalSection
	GlobalSection(ProjectConfigurationPlatforms) = postSolution
		{C7BD78F3-4C3A-42D8-BFC5-CE13FEF919DE}.Debug|Any CPU.ActiveCfg = Debug|Any CPU
		{C7BD78F3-4C3A-42D8-BFC5-CE13FEF919DE}.Debug|Any CPU.Build.0 = Debug|Any CPU
		{C7BD78F3-4C3A-42D8-BFC5-CE13FEF919DE}.Release|Any CPU.ActiveCfg = Release|Any CPU
		{C7BD78F3-4C3A-42D8-BFC5-CE13FEF919DE}.Release|Any CPU.Build.0 = Release|Any CPU
	EndGlobalSection
	GlobalSection(SolutionProperties) = preSolution
		HideSolutionNode = FALSE
	EndGlobalSection
	GlobalSection(ExtensibilityGlobals) = postSolution
		SolutionGuid = {2B816D4E-C16A-4A8D-8569-0B4657414450}
	EndGlobalSection
EndGlobal
